
Microsoft Visual Studio Solution File, Format Version 12.00
# Visual Studio Version 17
VisualStudioVersion = 17.11.35303.130
MinimumVisualStudioVersion = 10.0.40219.1
Project("{9A19103F-16F7-4668-BE54-9A1E7A4F7556}") = "BusinessObject", "BusinessObject\BusinessObject.csproj", "{B9654272-61AE-4932-A5E3-6934395B4C30}"
EndProject
Project("{9A19103F-16F7-4668-BE54-9A1E7A4F7556}") = "DataAccess", "DataAccess\DataAccess.csproj", "{A9F0B142-B7F7-4BC1-9658-AFA31A0CFF82}"
EndProject
Project("{9A19103F-16F7-4668-BE54-9A1E7A4F7556}") = "Repository", "Repository\Repository.csproj", "{AE809222-3F0D-44EC-9546-ADC278C4ECFD}"
EndProject
Project("{9A19103F-16F7-4668-BE54-9A1E7A4F7556}") = "CustomerManagementAPI", "CustomerManagementAPI\CustomerManagementAPI.csproj", "{9EBDFABC-F51E-49B0-89A3-F7F707A4C185}"
EndProject
Project("{FAE04EC0-301F-11D3-BF4B-00C04F79EFBC}") = "CustomerManagementWebClient", "CustomerManagementWebClient\CustomerManagementWebClient.csproj", "{E8DDEA90-F0F8-42D0-A77D-12AC3C765B38}"
EndProject
Global
	GlobalSection(SolutionConfigurationPlatforms) = preSolution
		Debug|Any CPU = Debug|Any CPU
		Release|Any CPU = Release|Any CPU
	EndGlobalSection
	GlobalSection(ProjectConfigurationPlatforms) = postSolution
		{B9654272-61AE-4932-A5E3-6934395B4C30}.Debug|Any CPU.ActiveCfg = Debug|Any CPU
		{B9654272-61AE-4932-A5E3-6934395B4C30}.Debug|Any CPU.Build.0 = Debug|Any CPU
		{B9654272-61AE-4932-A5E3-6934395B4C30}.Release|Any CPU.ActiveCfg = Release|Any CPU
		{B9654272-61AE-4932-A5E3-6934395B4C30}.Release|Any CPU.Build.0 = Release|Any CPU
		{A9F0B142-B7F7-4BC1-9658-AFA31A0CFF82}.Debug|Any CPU.ActiveCfg = Debug|Any CPU
		{A9F0B142-B7F7-4BC1-9658-AFA31A0CFF82}.Debug|Any CPU.Build.0 = Debug|Any CPU
		{A9F0B142-B7F7-4BC1-9658-AFA31A0CFF82}.Release|Any CPU.ActiveCfg = Release|Any CPU
		{A9F0B142-B7F7-4BC1-9658-AFA31A0CFF82}.Release|Any CPU.Build.0 = Release|Any CPU
		{AE809222-3F0D-44EC-9546-ADC278C4ECFD}.Debug|Any CPU.ActiveCfg = Debug|Any CPU
		{AE809222-3F0D-44EC-9546-ADC278C4ECFD}.Debug|Any CPU.Build.0 = Debug|Any CPU
		{AE809222-3F0D-44EC-9546-ADC278C4ECFD}.Release|Any CPU.ActiveCfg = Release|Any CPU
		{AE809222-3F0D-44EC-9546-ADC278C4ECFD}.Release|Any CPU.Build.0 = Release|Any CPU
		{9EBDFABC-F51E-49B0-89A3-F7F707A4C185}.Debug|Any CPU.ActiveCfg = Debug|Any CPU
		{9EBDFABC-F51E-49B0-89A3-F7F707A4C185}.Debug|Any CPU.Build.0 = Debug|Any CPU
		{9EBDFABC-F51E-49B0-89A3-F7F707A4C185}.Release|Any CPU.ActiveCfg = Release|Any CPU
		{9EBDFABC-F51E-49B0-89A3-F7F707A4C185}.Release|Any CPU.Build.0 = Release|Any CPU
		{E8DDEA90-F0F8-42D0-A77D-12AC3C765B38}.Debug|Any CPU.ActiveCfg = Debug|Any CPU
		{E8DDEA90-F0F8-42D0-A77D-12AC3C765B38}.Debug|Any CPU.Build.0 = Debug|Any CPU
		{E8DDEA90-F0F8-42D0-A77D-12AC3C765B38}.Release|Any CPU.ActiveCfg = Release|Any CPU
		{E8DDEA90-F0F8-42D0-A77D-12AC3C765B38}.Release|Any CPU.Build.0 = Release|Any CPU
	EndGlobalSection
	GlobalSection(SolutionProperties) = preSolution
		HideSolutionNode = FALSE
	EndGlobalSection
	GlobalSection(ExtensibilityGlobals) = postSolution
		SolutionGuid = {D0A1C964-F69E-49D4-BB88-527C85C6DE98}
	EndGlobalSection
EndGlobal
